
Microsoft Visual Studio Solution File, Format Version 12.00
# Visual Studio Version 17
VisualStudioVersion = 17.14.36414.22 d17.14
MinimumVisualStudioVersion = 10.0.40219.1
Project("{FAE04EC0-301F-11D3-BF4B-00C04F79EFBC}") = "CoreMoviePlayer", "CoreMoviePlayer.csproj", "{7763B25B-DD99-4C59-8B8D-E18B17A9AB9D}"
EndProject
Project("{FAE04EC0-301F-11D3-BF4B-00C04F79EFBC}") = "CoreMoviePlayer.Tests", "..\CoreMoviePlayer.Tests\CoreMoviePlayer.Tests.csproj", "{647B8B1F-B1FA-4AEF-81C2-A3466FB940E5}"
EndProject
Global
	GlobalSection(SolutionConfigurationPlatforms) = preSolution
		Debug|Any CPU = Debug|Any CPU
		Release|Any CPU = Release|Any CPU
	EndGlobalSection
	GlobalSection(ProjectConfigurationPlatforms) = postSolution
		{7763B25B-DD99-4C59-8B8D-E18B17A9AB9D}.Debug|Any CPU.ActiveCfg = Debug|Any CPU
		{7763B25B-DD99-4C59-8B8D-E18B17A9AB9D}.Debug|Any CPU.Build.0 = Debug|Any CPU
		{7763B25B-DD99-4C59-8B8D-E18B17A9AB9D}.Release|Any CPU.ActiveCfg = Release|Any CPU
		{7763B25B-DD99-4C59-8B8D-E18B17A9AB9D}.Release|Any CPU.Build.0 = Release|Any CPU
		{647B8B1F-B1FA-4AEF-81C2-A3466FB940E5}.Debug|Any CPU.ActiveCfg = Debug|Any CPU
		{647B8B1F-B1FA-4AEF-81C2-A3466FB940E5}.Debug|Any CPU.Build.0 = Debug|Any CPU
		{647B8B1F-B1FA-4AEF-81C2-A3466FB940E5}.Release|Any CPU.ActiveCfg = Release|Any CPU
		{647B8B1F-B1FA-4AEF-81C2-A3466FB940E5}.Release|Any CPU.Build.0 = Release|Any CPU
	EndGlobalSection
	GlobalSection(SolutionProperties) = preSolution
		HideSolutionNode = FALSE
	EndGlobalSection
	GlobalSection(ExtensibilityGlobals) = postSolution
		SolutionGuid = {DC9631BC-3F6B-4A34-AB2D-40A68724FC26}
	EndGlobalSection
EndGlobal
